
Microsoft Visual Studio Solution File, Format Version 12.00
# Visual Studio 2013
VisualStudioVersion = 12.0.21005.1
MinimumVisualStudioVersion = 10.0.40219.1
Project("{FAE04EC0-301F-11D3-BF4B-00C04F79EFBC}") = "ServiceNOW", "ServiceNOW.csproj", "{BBBFD41D-2C63-4BEA-828E-3F49BF3DFFF0}"
EndProject
Global
	GlobalSection(SolutionConfigurationPlatforms) = preSolution
		Debug|Any CPU = Debug|Any CPU
		Release|Any CPU = Release|Any CPU
	EndGlobalSection
	GlobalSection(ProjectConfigurationPlatforms) = postSolution
		{BBBFD41D-2C63-4BEA-828E-3F49BF3DFFF0}.Debug|Any CPU.ActiveCfg = Debug|Any CPU
		{BBBFD41D-2C63-4BEA-828E-3F49BF3DFFF0}.Debug|Any CPU.Build.0 = Debug|Any CPU
		{BBBFD41D-2C63-4BEA-828E-3F49BF3DFFF0}.Release|Any CPU.ActiveCfg = Release|Any CPU
		{BBBFD41D-2C63-4BEA-828E-3F49BF3DFFF0}.Release|Any CPU.Build.0 = Release|Any CPU
	EndGlobalSection
	GlobalSection(SolutionProperties) = preSolution
		HideSolutionNode = FALSE
	EndGlobalSection
EndGlobal
